
Microsoft Visual Studio Solution File, Format Version 12.00
# Visual Studio Express 15 for Windows Desktop
VisualStudioVersion = 15.0.34031.82
MinimumVisualStudioVersion = 10.0.40219.1
Project("{FAE04EC0-301F-11D3-BF4B-00C04F79EFBC}") = "UserInterface", "UserInterface\UserInterface.csproj", "{CEDD1DF1-A6E1-49A1-B177-92F560751C16}"
EndProject
Global
	GlobalSection(SolutionConfigurationPlatforms) = preSolution
		Debug|Any CPU = Debug|Any CPU
		Release|Any CPU = Release|Any CPU
	EndGlobalSection
	GlobalSection(ProjectConfigurationPlatforms) = postSolution
		{CEDD1DF1-A6E1-49A1-B177-92F560751C16}.Debug|Any CPU.ActiveCfg = Debug|Any CPU
		{CEDD1DF1-A6E1-49A1-B177-92F560751C16}.Debug|Any CPU.Build.0 = Debug|Any CPU
		{CEDD1DF1-A6E1-49A1-B177-92F560751C16}.Release|Any CPU.ActiveCfg = Release|Any CPU
		{CEDD1DF1-A6E1-49A1-B177-92F560751C16}.Release|Any CPU.Build.0 = Release|Any CPU
	EndGlobalSection
	GlobalSection(SolutionProperties) = preSolution
		HideSolutionNode = FALSE
	EndGlobalSection
	GlobalSection(ExtensibilityGlobals) = postSolution
		SolutionGuid = {D321B53E-55C1-4EDD-9A21-4E6CD0DDD5A4}
	EndGlobalSection
EndGlobal
